
Microsoft Visual Studio Solution File, Format Version 12.00
# Visual Studio 2013
VisualStudioVersion = 12.0.31101.0
MinimumVisualStudioVersion = 10.0.40219.1
Project("{FAE04EC0-301F-11D3-BF4B-00C04F79EFBC}") = "HTK_FileManager", "HTK_FileManager\HTK_FileManager.csproj", "{B4FADBBD-C2B9-42EB-91C3-5D82752CB70B}"
EndProject
Global
	GlobalSection(SolutionConfigurationPlatforms) = preSolution
		Debug|Any CPU = Debug|Any CPU
		Release|Any CPU = Release|Any CPU
	EndGlobalSection
	GlobalSection(ProjectConfigurationPlatforms) = postSolution
		{B4FADBBD-C2B9-42EB-91C3-5D82752CB70B}.Debug|Any CPU.ActiveCfg = Debug|Any CPU
		{B4FADBBD-C2B9-42EB-91C3-5D82752CB70B}.Debug|Any CPU.Build.0 = Debug|Any CPU
		{B4FADBBD-C2B9-42EB-91C3-5D82752CB70B}.Release|Any CPU.ActiveCfg = Release|Any CPU
		{B4FADBBD-C2B9-42EB-91C3-5D82752CB70B}.Release|Any CPU.Build.0 = Release|Any CPU
	EndGlobalSection
	GlobalSection(SolutionProperties) = preSolution
		HideSolutionNode = FALSE
	EndGlobalSection
EndGlobal
